
Microsoft Visual Studio Solution File, Format Version 12.00
# Visual Studio Version 17
VisualStudioVersion = 17.11.35312.102
MinimumVisualStudioVersion = 10.0.40219.1
Project("{FAE04EC0-301F-11D3-BF4B-00C04F79EFBC}") = "Pilots_Console", "Pilots_Console\Pilots_Console.csproj", "{63C2F69F-78F5-44B7-A4B8-704F2B8DAF80}"
EndProject
Global
	GlobalSection(SolutionConfigurationPlatforms) = preSolution
		Debug|Any CPU = Debug|Any CPU
		Release|Any CPU = Release|Any CPU
	EndGlobalSection
	GlobalSection(ProjectConfigurationPlatforms) = postSolution
		{63C2F69F-78F5-44B7-A4B8-704F2B8DAF80}.Debug|Any CPU.ActiveCfg = Debug|Any CPU
		{63C2F69F-78F5-44B7-A4B8-704F2B8DAF80}.Debug|Any CPU.Build.0 = Debug|Any CPU
		{63C2F69F-78F5-44B7-A4B8-704F2B8DAF80}.Release|Any CPU.ActiveCfg = Release|Any CPU
		{63C2F69F-78F5-44B7-A4B8-704F2B8DAF80}.Release|Any CPU.Build.0 = Release|Any CPU
	EndGlobalSection
	GlobalSection(SolutionProperties) = preSolution
		HideSolutionNode = FALSE
	EndGlobalSection
	GlobalSection(ExtensibilityGlobals) = postSolution
		SolutionGuid = {43148F84-7967-4CBC-A5ED-2C52DC15963C}
	EndGlobalSection
EndGlobal
